PODS:
  - AFNetworking (3.1.0):
    - AFNetworking/NSURLSession (= 3.1.0)
    - AFNetworking/Reachability (= 3.1.0)
    - AFNetworking/Security (= 3.1.0)
    - AFNetworking/Serialization (= 3.1.0)
    - AFNetworking/UIKit (= 3.1.0)
  - AFNetworking/NSURLSession (3.1.0):
    - AFNetworking/Reachability
    - AFNetworking/Security
    - AFNetworking/Serialization
  - AFNetworking/Reachability (3.1.0)
  - AFNetworking/Security (3.1.0)
  - AFNetworking/Serialization (3.1.0)
  - AFNetworking/UIKit (3.1.0):
    - AFNetworking/NSURLSession
  - MBProgressHUD (0.9.2)
  - Realm (0.98.8):
    - Realm/Headers (= 0.98.8)
  - Realm/Headers (0.98.8)

DEPENDENCIES:
  - AFNetworking
  - MBProgressHUD
  - Realm

SPEC CHECKSUMS:
  AFNetworking: 5e0e199f73d8626b11e79750991f5d173d1f8b67
  MBProgressHUD: 1569cf7ace17a8bac47aabfbb8580a49690386d1
  Realm: 0e293bb62999730599efc3048896bbd4f2e43bcd

PODFILE CHECKSUM: 62b7fd4ab4da13adbab487ecf69859042652ac73

COCOAPODS: 1.0.0
